
Microsoft Visual Studio Solution File, Format Version 12.00
# Visual Studio Version 16
VisualStudioVersion = 16.0.31702.278
MinimumVisualStudioVersion = 10.0.40219.1
Project("{FAE04EC0-301F-11D3-BF4B-00C04F79EFBC}") = "WoT_Main", "Wheel of Time Mod - MAIN FILE\WoT_Main.csproj", "{BF517F85-8F1A-4AB6-9887-373DF0881DB3}"
EndProject
Global
	GlobalSection(SolutionConfigurationPlatforms) = preSolution
		Debug|Any CPU = Debug|Any CPU
		Release|Any CPU = Release|Any CPU
	EndGlobalSection
	GlobalSection(ProjectConfigurationPlatforms) = postSolution
		{BF517F85-8F1A-4AB6-9887-373DF0881DB3}.Debug|Any CPU.ActiveCfg = Debug|Any CPU
		{BF517F85-8F1A-4AB6-9887-373DF0881DB3}.Debug|Any CPU.Build.0 = Debug|Any CPU
		{BF517F85-8F1A-4AB6-9887-373DF0881DB3}.Release|Any CPU.ActiveCfg = Release|Any CPU
		{BF517F85-8F1A-4AB6-9887-373DF0881DB3}.Release|Any CPU.Build.0 = Release|Any CPU
	EndGlobalSection
	GlobalSection(SolutionProperties) = preSolution
		HideSolutionNode = FALSE
	EndGlobalSection
	GlobalSection(ExtensibilityGlobals) = postSolution
		SolutionGuid = {A4541972-BDBD-4BA3-8F9B-66DDCC07DA98}
	EndGlobalSection
EndGlobal
